
Microsoft Visual Studio Solution File, Format Version 12.00
# Visual Studio 15
VisualStudioVersion = 15.0.27703.2000
MinimumVisualStudioVersion = 10.0.40219.1
Project("{FAE04EC0-301F-11D3-BF4B-00C04F79EFBC}") = "FibS", "FibS\FibS.csproj", "{7C9665DD-D10B-48BA-9F26-5DF770C2E8FD}"
EndProject
Global
	GlobalSection(SolutionConfigurationPlatforms) = preSolution
		Debug|Any CPU = Debug|Any CPU
		Release|Any CPU = Release|Any CPU
	EndGlobalSection
	GlobalSection(ProjectConfigurationPlatforms) = postSolution
		{7C9665DD-D10B-48BA-9F26-5DF770C2E8FD}.Debug|Any CPU.ActiveCfg = Debug|Any CPU
		{7C9665DD-D10B-48BA-9F26-5DF770C2E8FD}.Debug|Any CPU.Build.0 = Debug|Any CPU
		{7C9665DD-D10B-48BA-9F26-5DF770C2E8FD}.Release|Any CPU.ActiveCfg = Release|Any CPU
		{7C9665DD-D10B-48BA-9F26-5DF770C2E8FD}.Release|Any CPU.Build.0 = Release|Any CPU
	EndGlobalSection
	GlobalSection(SolutionProperties) = preSolution
		HideSolutionNode = FALSE
	EndGlobalSection
	GlobalSection(ExtensibilityGlobals) = postSolution
		SolutionGuid = {4FA6E7E9-105E-4A10-A30A-B206348DD566}
	EndGlobalSection
EndGlobal
